hash: 6d46b2f6d13058e919d30fcf3f87ec9f3b0563c8ec62695ff08ec0e7347f9582
updated: 2018-12-05T15:29:38.650247-05:00
imports:
- name: github.com/apache/thrift
  version: b2a4d4ae21c789b689dd162deb819665567f481c
  subpackages:
  - lib/go/thrift
- name: github.com/gogo/protobuf
  version: 636bf0302bc95575d69441b25a2603156ffdddf1
  subpackages:
  - proto
  - protoc-gen-gofast
- name: github.com/golang/mock
  version: c34cdb4725f4c3844d095133c6e40e448b86589b
  subpackages:
  - gomock
- name: github.com/google/uuid
  version: 9b3b1e0f5f99ae461456d768e7d301a7acdaa2d8
- name: github.com/m3db/m3cluster
  version: d971450316604c151719f53afbb95539e6dbafbb
  subpackages:
  - generated/proto/placementpb
  - shard
- name: github.com/m3db/m3x
  version: 29bc232d9ad2e6c4a1804ccce095bb730fb1c6bc
  subpackages:
  - clock
  - errors
  - instrument
  - log
  - net
  - pprof
  - process
  - retry
  - server
- name: github.com/m3db/stackadler32
  version: bfebcd73ef6ffe0ee30489227f0330c39064b674
- name: github.com/m3db/stackmurmur3
  version: 744c0229c12ed0e4f8cb9d081a2692b3300bf705
- name: github.com/mauricelam/genny
  version: e937528877485c089aa62cfa9f60968749d650f1
  subpackages:
  - generic
- name: github.com/pborman/uuid
  version: 8b1b92947f46224e3b97bb1a3a5b0382be00d31e
- name: github.com/pilosa/pilosa
  version: 4c14e5be3509d1f0c88e84f835c5277ea7ef1b23
  subpackages:
  - logger
  - roaring
  - stats
- name: github.com/pkg/errors
  version: 059132a15dd08d6704c67711dae0cf35ab991756
- name: github.com/spaolacci/murmur3
  version: 9f5d223c60793748f04a9d5b4b4eacddfc1f755d
- name: github.com/uber-go/tally
  version: ff17f3c43c065c3c2991f571e740eee43ea3a14a
  subpackages:
  - m3
  - m3/customtransports
  - m3/thrift
  - m3/thriftudp
- name: github.com/valyala/gozstd
  version: fce5e292979b35c0567f97a9f6d4ad4685c23b4a
- name: go.uber.org/atomic
  version: 1ea20fb1cbb1cc08cbd0d913a96dead89aa18289
- name: go.uber.org/multierr
  version: 3c4937480c32f4c13a875a1829af76c98ca3d40a
- name: go.uber.org/zap
  version: ff33455a0e382e8a81d14dd7c922020b6b5e7982
  subpackages:
  - buffer
  - internal/bufferpool
  - internal/color
  - internal/exit
  - zapcore
- name: golang.org/x/net
  version: adae6a3d119ae4890b46832a2e88a95adc62b8e7
  subpackages:
  - context
testImports:
- name: github.com/davecgh/go-spew
  version: d8f796af33cc11cb798c1aaeb27a4ebc5099927d
  subpackages:
  - spew
- name: github.com/pmezard/go-difflib
  version: d8ed2627bdf02c080bf22230dbb337003b7aba2d
  subpackages:
  - difflib
- name: github.com/stretchr/testify
  version: f35b8ab0b5a2cef36673838d662e249dd9c94686
  subpackages:
  - assert
  - require
