hash: e15c234dea797b0d33d8822fe310af674ee65b0eb7edb52f5553dcae423ecca3
updated: 2018-11-19T13:04:51.39596-05:00
imports:
- name: github.com/mauricelam/genny
  version: e937528877485c089aa62cfa9f60968749d650f1
  subpackages:
  - generic
- name: github.com/uber-go/tally
  version: ff17f3c43c065c3c2991f571e740eee43ea3a14a
hash: a3b228e2bb6866be448c3b572c36e4468ae8cfbac04b0c98ab1896eca9520636
updated: 2018-11-19T11:25:51.84230416-05:00
imports:
- name: github.com/m3db/m3x
  version: 0d74829a38311339911aeb8ff22c84c710832ab7
  subpackages:
  - config
  - log
- name: gopkg.in/validator.v2
  version: 3e4f037f12a1221a0864cf0dd2e81c452ab22448
- name: gopkg.in/yaml.v2
  version: 5420a8b6744d3b0345ab293f6fcba19c978f1183
testImports:
- name: github.com/davecgh/go-spew
  version: d8f796af33cc11cb798c1aaeb27a4ebc5099927d
  subpackages:
  - spew
- name: github.com/pmezard/go-difflib
  version: 792786c7400a136282c1664665ae0a8db921c6c2
  subpackages:
  - difflib
- name: github.com/stretchr/testify
  version: f35b8ab0b5a2cef36673838d662e249dd9c94686
  subpackages:
  - assert
  - require
